// !$*UTF8*$!
{
	archiveVersion = 1;
	classes = {
	};
	objectVersion = 46;
	objects = {

/* Begin PBXBuildFile section */
		9A69A7311D7213C2000B569D /* AppDelegate.swift in Sources */ = {isa = PBXBuildFile; fileRef = 9A69A7301D7213C2000B569D /* AppDelegate.swift */; };
		9A69A7331D7213C2000B569D /* ViewController.swift in Sources */ = {isa = PBXBuildFile; fileRef = 9A69A7321D7213C2000B569D /* ViewController.swift */; };
		9A69A7361D7213C2000B569D /* Main.storyboard in Resources */ = {isa = PBXBuildFile; fileRef = 9A69A7341D7213C2000B569D /* Main.storyboard */; };
		9A69A7381D7213C2000B569D /* Assets.xcassets in Resources */ = {isa = PBXBuildFile; fileRef = 9A69A7371D7213C2000B569D /* Assets.xcassets */; };
		9A69A73B1D7213C2000B569D /* LaunchScreen.storyboard in Resources */ = {isa = PBXBuildFile; fileRef = 9A69A7391D7213C2000B569D /* LaunchScreen.storyboard */; };
/* End PBXBuildFile section */

/* Begin PBXFileReference section */
		9A69A72D1D7213C2000B569D /* HackM2E2.app */ = {isa = PBXFileReference; explicitFileType = wrapper.application; includeInIndex = 0; path = HackM2E2.app; sourceTree = BUILT_PRODUCTS_DIR; };
		9A69A7301D7213C2000B569D /* AppDelegate.swift */ = {isa = PBXFileReference; lastKnownFileType = sourcecode.swift; path = AppDelegate.swift; sourceTree = "<group>"; };
		9A69A7321D7213C2000B569D /* ViewController.swift */ = {isa = PBXFileReference; lastKnownFileType = sourcecode.swift; path = ViewController.swift; sourceTree = "<group>"; };
		9A69A7351D7213C2000B569D /* Base */ = {isa = PBXFileReference; lastKnownFileType = file.storyboard; name = Base; path = Base.lproj/Main.storyboard; sourceTree = "<group>"; };
		9A69A7371D7213C2000B569D /* Assets.xcassets */ = {isa = PBXFileReference; lastKnownFileType = folder.assetcatalog; path = Assets.xcassets; sourceTree = "<group>"; };
		9A69A73A1D7213C2000B569D /* Base */ = {isa = PBXFileReference; lastKnownFileType = file.storyboard; name = Base; path = Base.lproj/LaunchScreen.storyboard; sourceTree = "<group>"; };
		9A69A73C1D7213C2000B569D /* Info.plist */ = {isa = PBXFileReference; lastKnownFileType = text.plist.xml; path = Info.plist; sourceTree = "<group>"; };
/* End PBXFileReference section */

/* Begin PBXFrameworksBuildPhase section */
		9A69A72A1D7213C2000B569D /* Frameworks */ = {
			isa = PBXFrameworksBuildPhase;
			buildActionMask = 2147483647;
			files = (
			);
			runOnlyForDeploymentPostprocessing = 0;
		};
/* End PBXFrameworksBuildPhase section */

/* Begin PBXGroup section */
		9A69A7241D7213C2000B569D = {
			isa = PBXGroup;
			children = (
				9A69A72F1D7213C2000B569D /* HackM2E2 */,
				9A69A72E1D7213C2000B569D /* Products */,
			);
			sourceTree = "<group>";
		};
		9A69A72E1D7213C2000B569D /* Products */ = {
			isa = PBXGroup;
			children = (
				9A69A72D1D7213C2000B569D /* HackM2E2.app */,
			);
			name = Products;
			sourceTree = "<group>";
		};
		9A69A72F1D7213C2000B569D /* HackM2E2 */ = {
			isa = PBXGroup;
			children = (
				9A69A7301D7213C2000B569D /* AppDelegate.swift */,
				9A69A7321D7213C2000B569D /* ViewController.swift */,
				9A69A7341D7213C2000B569D /* Main.storyboard */,
				9A69A7371D7213C2000B569D /* Assets.xcassets */,
				9A69A7391D7213C2000B569D /* LaunchScreen.storyboard */,
				9A69A73C1D7213C2000B569D /* Info.plist */,
			);
			path = HackM2E2;
			sourceTree = "<group>";
		};
/* End PBXGroup section */

/* Begin PBXNativeTarget section */
		9A69A72C1D7213C2000B569D /* HackM2E2 */ = {
			isa = PBXNativeTarget;
			buildConfigurationList = 9A69A73F1D7213C2000B569D /* Build configuration list for PBXNativeTarget "HackM2E2" */;
			buildPhases = (
				9A69A7291D7213C2000B569D /* Sources */,
				9A69A72A1D7213C2000B569D /* Frameworks */,
				9A69A72B1D7213C2000B569D /* Resources */,
			);
			buildRules = (
			);
			dependencies = (
			);
			name = HackM2E2;
			productName = HackM2E2;
			productReference = 9A69A72D1D7213C2000B569D /* HackM2E2.app */;
			productType = "com.apple.product-type.application";
		};
/* End PBXNativeTarget section */

/* Begin PBXProject section */
		9A69A7251D7213C2000B569D /* Project object */ = {
			isa = PBXProject;
			attributes = {
				LastSwiftUpdateCheck = 0730;
				LastUpgradeCheck = 0730;
				ORGANIZATIONNAME = "Lizzy Cruz";
				TargetAttributes = {
					9A69A72C1D7213C2000B569D = {
						CreatedOnToolsVersion = 7.3;
						DevelopmentTeam = 7644UGW982;
					};
				};
			};
			buildConfigurationList = 9A69A7281D7213C2000B569D /* Build configuration list for PBXProject "HackM2E2" */;
			compatibilityVersion = "Xcode 3.2";
			developmentRegion = English;
			hasScannedForEncodings = 0;
			knownRegions = (
				en,
				Base,
			);
			mainGroup = 9A69A7241D7213C2000B569D;
			productRefGroup = 9A69A72E1D7213C2000B569D /* Products */;
			projectDirPath = "";
			projectRoot = "";
			targets = (
				9A69A72C1D7213C2000B569D /* HackM2E2 */,
			);
		};
/* End PBXProject section */

/* Begin PBXResourcesBuildPhase section */
		9A69A72B1D7213C2000B569D /* Resources */ = {
			isa = PBXResourcesBuildPhase;
			buildActionMask = 2147483647;
			files = (
				9A69A73B1D7213C2000B569D /* LaunchScreen.storyboard in Resources */,
				9A69A7381D7213C2000B569D /* Assets.xcassets in Resources */,
				9A69A7361D7213C2000B569D /* Main.storyboard in Resources */,
			);
			runOnlyForDeploymentPostprocessing = 0;
		};
/* End PBXResourcesBuildPhase section */

/* Begin PBXSourcesBuildPhase section */
		9A69A7291D7213C2000B569D /* Sources */ = {
			isa = PBXSourcesBuildPhase;
			buildActionMask = 2147483647;
			files = (
				9A69A7331D7213C2000B569D /* ViewController.swift in Sources */,
				9A69A7311D7213C2000B569D /* AppDelegate.swift in Sources */,
			);
			runOnlyForDeploymentPostprocessing = 0;
		};
/* End PBXSourcesBuildPhase section */

/* Begin PBXVariantGroup section */
		9A69A7341D7213C2000B569D /* Main.storyboard */ = {
			isa = PBXVariantGroup;
			children = (
				9A69A7351D7213C2000B569D /* Base */,
			);
			name = Main.storyboard;
			sourceTree = "<group>";
		};
		9A69A7391D7213C2000B569D /* LaunchScreen.storyboard */ = {
			isa = PBXVariantGroup;
			children = (
				9A69A73A1D7213C2000B569D /* Base */,
			);
			name = LaunchScreen.storyboard;
			sourceTree = "<group>";
		};
/* End PBXVariantGroup section */

/* Begin XCBuildConfiguration section */
		9A69A73D1D7213C2000B569D /* Debug */ = {
			isa = XCBuildConfiguration;
			buildSettings = {
				ALWAYS_SEARCH_USER_PATHS = NO;
				CLANG_ANALYZER_NONNULL = YES;
				CLANG_CXX_LANGUAGE_STANDARD = "gnu++0x";
				CLANG_CXX_LIBRARY = "libc++";
				CLANG_ENABLE_MODULES = YES;
				CLANG_ENABLE_OBJC_ARC = YES;
				CLANG_WARN_BOOL_CONVERSION = YES;
				CLANG_WARN_CONSTANT_CONVERSION = YES;
				CLANG_WARN_DIRECT_OBJC_ISA_USAGE = YES_ERROR;
				CLANG_WARN_EMPTY_BODY = YES;
				CLANG_WARN_ENUM_CONVERSION = YES;
				CLANG_WARN_INT_CONVERSION = YES;
				CLANG_WARN_OBJC_ROOT_CLASS = YES_ERROR;
				CLANG_WARN_UNREACHABLE_CODE = YES;
				CLANG_WARN__DUPLICATE_METHOD_MATCH = YES;
				"CODE_SIGN_IDENTITY[sdk=iphoneos*]" = "iPhone Developer";
				COPY_PHASE_STRIP = NO;
				DEBUG_INFORMATION_FORMAT = dwarf;
				ENABLE_STRICT_OBJC_MSGSEND = YES;
				ENABLE_TESTABILITY = YES;
				GCC_C_LANGUAGE_STANDARD = gnu99;
				GCC_DYNAMIC_NO_PIC = NO;
				GCC_NO_COMMON_BLOCKS = YES;
				GCC_OPTIMIZATION_LEVEL = 0;
				GCC_PREPROCESSOR_DEFINITIONS = (
					"DEBUG=1",
					"$(inherited)",
				);
				GCC_WARN_64_TO_32_BIT_CONVERSION = YES;
				GCC_WARN_ABOUT_RETURN_TYPE = YES_ERROR;
				GCC_WARN_UNDECLARED_SELECTOR = YES;
				GCC_WARN_UNINITIALIZED_AUTOS = YES_AGGRESSIVE;
				GCC_WARN_UNUSED_FUNCTION = YES;
				GCC_WARN_UNUSED_VARIABLE = YES;
				IPHONEOS_DEPLOYMENT_TARGET = 9.3;
				MTL_ENABLE_DEBUG_INFO = YES;
				ONLY_ACTIVE_ARCH = YES;
				SDKROOT = iphoneos;
				SWIFT_OPTIMIZATION_LEVEL = "-Onone";
			};
			name = Debug;
		};
		9A69A73E1D7213C2000B569D /* Release */ = {
			isa = XCBuildConfiguration;
			buildSettings = {
				ALWAYS_SEARCH_USER_PATHS = NO;
				CLANG_ANALYZER_NONNULL = YES;
				CLANG_CXX_LANGUAGE_STANDARD = "gnu++0x";
				CLANG_CXX_LIBRARY = "libc++";
				CLANG_ENABLE_MODULES = YES;
				CLANG_ENABLE_OBJC_ARC = YES;
				CLANG_WARN_BOOL_CONVERSION = YES;
				CLANG_WARN_CONSTANT_CONVERSION = YES;
				CLANG_WARN_DIRECT_OBJC_ISA_USAGE = YES_ERROR;
				CLANG_WARN_EMPTY_BODY = YES;
				CLANG_WARN_ENUM_CONVERSION = YES;
				CLANG_WARN_INT_CONVERSION = YES;
				CLANG_WARN_OBJC_ROOT_CLASS = YES_ERROR;
				CLANG_WARN_UNREACHABLE_CODE = YES;
				CLANG_WARN__DUPLICATE_METHOD_MATCH = YES;
				"CODE_SIGN_IDENTITY[sdk=iphoneos*]" = "iPhone Developer";
				COPY_PHASE_STRIP = NO;
				DEBUG_INFORMATION_FORMAT = "dwarf-with-dsym";
				ENABLE_NS_ASSERTIONS = NO;
				ENABLE_STRICT_OBJC_MSGSEND = YES;
				GCC_C_LANGUAGE_STANDARD = gnu99;
				GCC_NO_COMMON_BLOCKS = YES;
				GCC_WARN_64_TO_32_BIT_CONVERSION = YES;
				GCC_WARN_ABOUT_RETURN_TYPE = YES_ERROR;
				GCC_WARN_UNDECLARED_SELECTOR = YES;
				GCC_WARN_UNINITIALIZED_AUTOS = YES_AGGRESSIVE;
				GCC_WARN_UNUSED_FUNCTION = YES;
				GCC_WARN_UNUSED_VARIABLE = YES;
				IPHONEOS_DEPLOYMENT_TARGET = 9.3;
				MTL_ENABLE_DEBUG_INFO = NO;
				SDKROOT = iphoneos;
				VALIDATE_PRODUCT = YES;
			};
			name = Release;
		};
		9A69A7401D7213C2000B569D /* Debug */ = {
			isa = XCBuildConfiguration;
			buildSettings = {
				ASSETCATALOG_COMPILER_APPICON_NAME = AppIcon;
				INFOPLIST_FILE = HackM2E2/Info.plist;
				LD_RUNPATH_SEARCH_PATHS = "$(inherited) @executable_path/Frameworks";
				PRODUCT_BUNDLE_IDENTIFIER = mx.itesm.HackM2E2;
				PRODUCT_NAME = "$(TARGET_NAME)";
			};
			name = Debug;
		};
		9A69A7411D7213C2000B569D /* Release */ = {
			isa = XCBuildConfiguration;
			buildSettings = {
				ASSETCATALOG_COMPILER_APPICON_NAME = AppIcon;
				INFOPLIST_FILE = HackM2E2/Info.plist;
				LD_RUNPATH_SEARCH_PATHS = "$(inherited) @executable_path/Frameworks";
				PRODUCT_BUNDLE_IDENTIFIER = mx.itesm.HackM2E2;
				PRODUCT_NAME = "$(TARGET_NAME)";
			};
			name = Release;
		};
/* End XCBuildConfiguration section */

/* Begin XCConfigurationList section */
		9A69A7281D7213C2000B569D /* Build configuration list for PBXProject "HackM2E2" */ = {
			isa = XCConfigurationList;
			buildConfigurations = (
				9A69A73D1D7213C2000B569D /* Debug */,
				9A69A73E1D7213C2000B569D /* Release */,
			);
			defaultConfigurationIsVisible = 0;
			defaultConfigurationName = Release;
		};
		9A69A73F1D7213C2000B569D /* Build configuration list for PBXNativeTarget "HackM2E2" */ = {
			isa = XCConfigurationList;
			buildConfigurations = (
				9A69A7401D7213C2000B569D /* Debug */,
				9A69A7411D7213C2000B569D /* Release */,
			);
			defaultConfigurationIsVisible = 0;
		};
/* End XCConfigurationList section */
	};
	rootObject = 9A69A7251D7213C2000B569D /* Project object */;
}
